
Microsoft Visual Studio Solution File, Format Version 12.00
Project("{FAE04EC0-301F-11D3-BF4B-00C04F79EFBC}") = "gRPC.Client", "gRPC.Client\gRPC.Client.csproj", "{86A6694D-5086-4057-A50E-30F5F59295F2}"
EndProject
Project("{FAE04EC0-301F-11D3-BF4B-00C04F79EFBC}") = "gRPC.Server", "gRPC.Server\gRPC.Server.csproj", "{11A1B4EF-7D9C-485A-A6A0-86271CF152F0}"
EndProject
Project("{FAE04EC0-301F-11D3-BF4B-00C04F79EFBC}") = "gRPC.Model", "gRPC.Model\gRPC.Model.csproj", "{F9628FD4-12C4-4ADB-A828-7831318202A6}"
EndProject
Global
	GlobalSection(SolutionConfigurationPlatforms) = preSolution
		Debug|Any CPU = Debug|Any CPU
		Release|Any CPU = Release|Any CPU
	EndGlobalSection
	GlobalSection(ProjectConfigurationPlatforms) = postSolution
		{86A6694D-5086-4057-A50E-30F5F59295F2}.Debug|Any CPU.ActiveCfg = Debug|Any CPU
		{86A6694D-5086-4057-A50E-30F5F59295F2}.Debug|Any CPU.Build.0 = Debug|Any CPU
		{86A6694D-5086-4057-A50E-30F5F59295F2}.Release|Any CPU.ActiveCfg = Release|Any CPU
		{86A6694D-5086-4057-A50E-30F5F59295F2}.Release|Any CPU.Build.0 = Release|Any CPU
		{11A1B4EF-7D9C-485A-A6A0-86271CF152F0}.Debug|Any CPU.ActiveCfg = Debug|Any CPU
		{11A1B4EF-7D9C-485A-A6A0-86271CF152F0}.Debug|Any CPU.Build.0 = Debug|Any CPU
		{11A1B4EF-7D9C-485A-A6A0-86271CF152F0}.Release|Any CPU.ActiveCfg = Release|Any CPU
		{11A1B4EF-7D9C-485A-A6A0-86271CF152F0}.Release|Any CPU.Build.0 = Release|Any CPU
		{F9628FD4-12C4-4ADB-A828-7831318202A6}.Debug|Any CPU.ActiveCfg = Debug|Any CPU
		{F9628FD4-12C4-4ADB-A828-7831318202A6}.Debug|Any CPU.Build.0 = Debug|Any CPU
		{F9628FD4-12C4-4ADB-A828-7831318202A6}.Release|Any CPU.ActiveCfg = Release|Any CPU
		{F9628FD4-12C4-4ADB-A828-7831318202A6}.Release|Any CPU.Build.0 = Release|Any CPU
	EndGlobalSection
EndGlobal
